
Microsoft Visual Studio Solution File, Format Version 12.00
# Visual Studio Version 17
VisualStudioVersion = 17.4.33205.214
MinimumVisualStudioVersion = 10.0.40219.1
Project("{9A19103F-16F7-4668-BE54-9A1E7A4F7556}") = "ImageComparer", "ImageComparer\ImageComparer.csproj", "{8DC4C442-11FA-4630-A979-9D1B970EA88E}"
EndProject
Project("{FAE04EC0-301F-11D3-BF4B-00C04F79EFBC}") = "ImageComparerLibrary", "ImageComparerLibrary\ImageComparerLibrary.csproj", "{1D1C0617-53F8-4A25-8D76-E0CEFC076C6C}"
EndProject
Global
	GlobalSection(SolutionConfigurationPlatforms) = preSolution
		Debug|Any CPU = Debug|Any CPU
		Debug|x64 = Debug|x64
		Release|Any CPU = Release|Any CPU
		Release|x64 = Release|x64
	EndGlobalSection
	GlobalSection(ProjectConfigurationPlatforms) = postSolution
		{8DC4C442-11FA-4630-A979-9D1B970EA88E}.Debug|Any CPU.ActiveCfg = Debug|Any CPU
		{8DC4C442-11FA-4630-A979-9D1B970EA88E}.Debug|Any CPU.Build.0 = Debug|Any CPU
		{8DC4C442-11FA-4630-A979-9D1B970EA88E}.Debug|x64.ActiveCfg = Debug|x64
		{8DC4C442-11FA-4630-A979-9D1B970EA88E}.Debug|x64.Build.0 = Debug|x64
		{8DC4C442-11FA-4630-A979-9D1B970EA88E}.Release|Any CPU.ActiveCfg = Release|Any CPU
		{8DC4C442-11FA-4630-A979-9D1B970EA88E}.Release|Any CPU.Build.0 = Release|Any CPU
		{8DC4C442-11FA-4630-A979-9D1B970EA88E}.Release|x64.ActiveCfg = Release|x64
		{8DC4C442-11FA-4630-A979-9D1B970EA88E}.Release|x64.Build.0 = Release|x64
		{1D1C0617-53F8-4A25-8D76-E0CEFC076C6C}.Debug|Any CPU.ActiveCfg = Debug|Any CPU
		{1D1C0617-53F8-4A25-8D76-E0CEFC076C6C}.Debug|Any CPU.Build.0 = Debug|Any CPU
		{1D1C0617-53F8-4A25-8D76-E0CEFC076C6C}.Debug|x64.ActiveCfg = Debug|Any CPU
		{1D1C0617-53F8-4A25-8D76-E0CEFC076C6C}.Debug|x64.Build.0 = Debug|Any CPU
		{1D1C0617-53F8-4A25-8D76-E0CEFC076C6C}.Release|Any CPU.ActiveCfg = Release|Any CPU
		{1D1C0617-53F8-4A25-8D76-E0CEFC076C6C}.Release|Any CPU.Build.0 = Release|Any CPU
		{1D1C0617-53F8-4A25-8D76-E0CEFC076C6C}.Release|x64.ActiveCfg = Release|Any CPU
		{1D1C0617-53F8-4A25-8D76-E0CEFC076C6C}.Release|x64.Build.0 = Release|Any CPU
	EndGlobalSection
	GlobalSection(SolutionProperties) = preSolution
		HideSolutionNode = FALSE
	EndGlobalSection
	GlobalSection(ExtensibilityGlobals) = postSolution
		SolutionGuid = {47308AFD-A9DB-44D4-A7E6-A6EFD152321B}
	EndGlobalSection
EndGlobal
